
Microsoft Visual Studio Solution File, Format Version 12.00
# Visual Studio Version 17
VisualStudioVersion = 17.3.32922.545
MinimumVisualStudioVersion = 10.0.40219.1
Project("{9A19103F-16F7-4668-BE54-9A1E7A4F7556}") = "TestKafka.Producer", "src\TestKafka\TestKafka.Producer.csproj", "{F3E5A76A-8BE4-4AA3-AE70-AF4F80EF4237}"
EndProject
Project("{9A19103F-16F7-4668-BE54-9A1E7A4F7556}") = "TestKafka.Consumer", "src\TestKafka.Consumer\TestKafka.Consumer.csproj", "{3EF27DB9-AAC7-4060-8E9C-1DBEA872EEB8}"
EndProject
Project("{9A19103F-16F7-4668-BE54-9A1E7A4F7556}") = "TestKafka.Domain", "src\TestKafka.Domain\TestKafka.Domain.csproj", "{2D9542B6-F971-4738-B47E-D2B9EA1226D1}"
EndProject
Project("{9A19103F-16F7-4668-BE54-9A1E7A4F7556}") = "TestKafka.Infrastructure", "src\TestKafka.Infrastructure\TestKafka.Infrastructure.csproj", "{75129E55-FBC1-4C65-A739-5B686CF4706A}"
EndProject
Project("{9A19103F-16F7-4668-BE54-9A1E7A4F7556}") = "TestKafka.Kafka", "src\TestKafka.Kafka\TestKafka.Kafka.csproj", "{93BAE718-6F10-44EB-9C57-0865446771F7}"
EndProject
Global
	GlobalSection(SolutionConfigurationPlatforms) = preSolution
		Debug|Any CPU = Debug|Any CPU
		Release|Any CPU = Release|Any CPU
	EndGlobalSection
	GlobalSection(ProjectConfigurationPlatforms) = postSolution
		{F3E5A76A-8BE4-4AA3-AE70-AF4F80EF4237}.Debug|Any CPU.ActiveCfg = Debug|Any CPU
		{F3E5A76A-8BE4-4AA3-AE70-AF4F80EF4237}.Debug|Any CPU.Build.0 = Debug|Any CPU
		{F3E5A76A-8BE4-4AA3-AE70-AF4F80EF4237}.Release|Any CPU.ActiveCfg = Release|Any CPU
		{F3E5A76A-8BE4-4AA3-AE70-AF4F80EF4237}.Release|Any CPU.Build.0 = Release|Any CPU
		{3EF27DB9-AAC7-4060-8E9C-1DBEA872EEB8}.Debug|Any CPU.ActiveCfg = Debug|Any CPU
		{3EF27DB9-AAC7-4060-8E9C-1DBEA872EEB8}.Debug|Any CPU.Build.0 = Debug|Any CPU
		{3EF27DB9-AAC7-4060-8E9C-1DBEA872EEB8}.Release|Any CPU.ActiveCfg = Release|Any CPU
		{3EF27DB9-AAC7-4060-8E9C-1DBEA872EEB8}.Release|Any CPU.Build.0 = Release|Any CPU
		{2D9542B6-F971-4738-B47E-D2B9EA1226D1}.Debug|Any CPU.ActiveCfg = Debug|Any CPU
		{2D9542B6-F971-4738-B47E-D2B9EA1226D1}.Debug|Any CPU.Build.0 = Debug|Any CPU
		{2D9542B6-F971-4738-B47E-D2B9EA1226D1}.Release|Any CPU.ActiveCfg = Release|Any CPU
		{2D9542B6-F971-4738-B47E-D2B9EA1226D1}.Release|Any CPU.Build.0 = Release|Any CPU
		{75129E55-FBC1-4C65-A739-5B686CF4706A}.Debug|Any CPU.ActiveCfg = Debug|Any CPU
		{75129E55-FBC1-4C65-A739-5B686CF4706A}.Debug|Any CPU.Build.0 = Debug|Any CPU
		{75129E55-FBC1-4C65-A739-5B686CF4706A}.Release|Any CPU.ActiveCfg = Release|Any CPU
		{75129E55-FBC1-4C65-A739-5B686CF4706A}.Release|Any CPU.Build.0 = Release|Any CPU
		{93BAE718-6F10-44EB-9C57-0865446771F7}.Debug|Any CPU.ActiveCfg = Debug|Any CPU
		{93BAE718-6F10-44EB-9C57-0865446771F7}.Debug|Any CPU.Build.0 = Debug|Any CPU
		{93BAE718-6F10-44EB-9C57-0865446771F7}.Release|Any CPU.ActiveCfg = Release|Any CPU
		{93BAE718-6F10-44EB-9C57-0865446771F7}.Release|Any CPU.Build.0 = Release|Any CPU
	EndGlobalSection
	GlobalSection(SolutionProperties) = preSolution
		HideSolutionNode = FALSE
	EndGlobalSection
	GlobalSection(ExtensibilityGlobals) = postSolution
		SolutionGuid = {04C02A9F-E6E8-4244-8A71-D1A44E8F36C3}
	EndGlobalSection
EndGlobal
